<?xml version="1.0" encoding="utf-8"?>
<Project ToolsVersion="4.0" xmlns="http://schemas.microsoft.com/developer/msbuild/2003">
  <ItemGroup>
    <Filter Include="Source Files">
      <UniqueIdentifier>{4FC737F1-C7A5-4376-A066-2A32D752A2FF}</UniqueIdentifier>
      <Extensions>cpp;c;cc;cxx;c++;cppm;ixx;def;odl;idl;hpj;bat;asm;asmx</Extensions>
    </Filter>
    <Filter Include="Header Files">
      <UniqueIdentifier>{93995380-89BD-4b04-88EB-625FBE52EBFB}</UniqueIdentifier>
      <Extensions>h;hh;hpp;hxx;h++;hm;inl;inc;ipp;xsd</Extensions>
    </Filter>
    <Filter Include="Resource Files">
      <UniqueIdentifier>{67DA6AB6-F800-4c08-8B7A-83BB121AAD01}</UniqueIdentifier>
      <Extensions>rc;ico;cur;bmp;dlg;rc2;rct;bin;rgs;gif;jpg;jpeg;jpe;resx;tiff;tif;png;wav;mfcribbon-ms</Extensions>
    </Filter>
  </ItemGroup>
  <ItemGroup>
    <ClInclude Include="includes.hpp">
      <Filter>Header Files</Filter>
    </ClInclude>
    <ClInclude Include="sdk\hash\fnv1a.hpp">
      <Filter>Header Files</Filter>
    </ClInclude>
    <ClInclude Include="sdk\interfaces\base_client.hpp">
      <Filter>Header Files</Filter>
    </ClInclude>
    <ClInclude Include="sdk\interfaces\client_mode.hpp">
      <Filter>Header Files</Filter>
    </ClInclude>
    <ClInclude Include="sdk\interfaces\collideable.hpp">
      <Filter>Header Files</Filter>
    </ClInclude>
    <ClInclude Include="sdk\interfaces\cvar.hpp">
      <Filter>Header Files</Filter>
    </ClInclude>
    <ClInclude Include="sdk\interfaces\debug_overlay.hpp">
      <Filter>Header Files</Filter>
    </ClInclude>
    <ClInclude Include="sdk\interfaces\engine.hpp">
      <Filter>Header Files</Filter>
    </ClInclude>
    <ClInclude Include="sdk\interfaces\engine_trace.hpp">
      <Filter>Header Files</Filter>
    </ClInclude>
    <ClInclude Include="sdk\interfaces\entity_list.hpp">
      <Filter>Header Files</Filter>
    </ClInclude>
    <ClInclude Include="sdk\interfaces\game_movement.hpp">
      <Filter>Header Files</Filter>
    </ClInclude>
    <ClInclude Include="sdk\interfaces\game_rules.hpp">
      <Filter>Header Files</Filter>
    </ClInclude>
    <ClInclude Include="sdk\interfaces\global_vars_base.hpp">
      <Filter>Header Files</Filter>
    </ClInclude>
    <ClInclude Include="sdk\interfaces\handle_entity.hpp">
      <Filter>Header Files</Filter>
    </ClInclude>
    <ClInclude Include="sdk\interfaces\input.hpp">
      <Filter>Header Files</Filter>
    </ClInclude>
    <ClInclude Include="sdk\interfaces\input_system.hpp">
      <Filter>Header Files</Filter>
    </ClInclude>
    <ClInclude Include="sdk\interfaces\localize.hpp">
      <Filter>Header Files</Filter>
    </ClInclude>
    <ClInclude Include="sdk\interfaces\material.hpp">
      <Filter>Header Files</Filter>
    </ClInclude>
    <ClInclude Include="sdk\interfaces\material_system.hpp">
      <Filter>Header Files</Filter>
    </ClInclude>
    <ClInclude Include="sdk\interfaces\model_cache.hpp">
      <Filter>Header Files</Filter>
    </ClInclude>
    <ClInclude Include="sdk\interfaces\model_info.hpp">
      <Filter>Header Files</Filter>
    </ClInclude>
    <ClInclude Include="sdk\interfaces\model_render.hpp">
      <Filter>Header Files</Filter>
    </ClInclude>
    <ClInclude Include="sdk\interfaces\move_helper.hpp">
      <Filter>Header Files</Filter>
    </ClInclude>
    <ClInclude Include="sdk\interfaces\net_channel.hpp">
      <Filter>Header Files</Filter>
    </ClInclude>
    <ClInclude Include="sdk\interfaces\panel.hpp">
      <Filter>Header Files</Filter>
    </ClInclude>
    <ClInclude Include="sdk\interfaces\prediction.hpp">
      <Filter>Header Files</Filter>
    </ClInclude>
    <ClInclude Include="sdk\interfaces\render_view.hpp">
      <Filter>Header Files</Filter>
    </ClInclude>
    <ClInclude Include="sdk\interfaces\surface.hpp">
      <Filter>Header Files</Filter>
    </ClInclude>
    <ClInclude Include="sdk\math\aligned_vector.hpp">
      <Filter>Header Files</Filter>
    </ClInclude>
    <ClInclude Include="sdk\math\matrix3x4.hpp">
      <Filter>Header Files</Filter>
    </ClInclude>
    <ClInclude Include="sdk\math\ray.hpp">
      <Filter>Header Files</Filter>
    </ClInclude>
    <ClInclude Include="sdk\other\bitbuf.h">
      <Filter>Header Files</Filter>
    </ClInclude>
    <ClInclude Include="sdk\other\key_values.hpp">
      <Filter>Header Files</Filter>
    </ClInclude>
    <ClInclude Include="sdk\other\net_msg_type.hpp">
      <Filter>Header Files</Filter>
    </ClInclude>
    <ClInclude Include="sdk\other\networkable.hpp">
      <Filter>Header Files</Filter>
    </ClInclude>
    <ClInclude Include="sdk\other\renderable.hpp">
      <Filter>Header Files</Filter>
    </ClInclude>
    <ClInclude Include="sdk\other\thinkable.hpp">
      <Filter>Header Files</Filter>
    </ClInclude>
    <ClInclude Include="sdk\other\unknown.hpp">
      <Filter>Header Files</Filter>
    </ClInclude>
    <ClInclude Include="sdk\steam_api\isteamapplist.h">
      <Filter>Header Files</Filter>
    </ClInclude>
    <ClInclude Include="sdk\steam_api\isteamapps.h">
      <Filter>Header Files</Filter>
    </ClInclude>
    <ClInclude Include="sdk\steam_api\isteamappticket.h">
      <Filter>Header Files</Filter>
    </ClInclude>
    <ClInclude Include="sdk\steam_api\isteamclient.h">
      <Filter>Header Files</Filter>
    </ClInclude>
    <ClInclude Include="sdk\steam_api\isteamcontroller.h">
      <Filter>Header Files</Filter>
    </ClInclude>
    <ClInclude Include="sdk\steam_api\isteamdualsense.h">
      <Filter>Header Files</Filter>
    </ClInclude>
    <ClInclude Include="sdk\steam_api\isteamfriends.h">
      <Filter>Header Files</Filter>
    </ClInclude>
    <ClInclude Include="sdk\steam_api\isteamgamecoordinator.h">
      <Filter>Header Files</Filter>
    </ClInclude>
    <ClInclude Include="sdk\steam_api\isteamgameserver.h">
      <Filter>Header Files</Filter>
    </ClInclude>
    <ClInclude Include="sdk\steam_api\isteamgameserverstats.h">
      <Filter>Header Files</Filter>
    </ClInclude>
    <ClInclude Include="sdk\steam_api\isteamhtmlsurface.h">
      <Filter>Header Files</Filter>
    </ClInclude>
    <ClInclude Include="sdk\steam_api\isteamhttp.h">
      <Filter>Header Files</Filter>
    </ClInclude>
    <ClInclude Include="sdk\steam_api\isteaminput.h">
      <Filter>Header Files</Filter>
    </ClInclude>
    <ClInclude Include="sdk\steam_api\isteaminventory.h">
      <Filter>Header Files</Filter>
    </ClInclude>
    <ClInclude Include="sdk\steam_api\isteammatchmaking.h">
      <Filter>Header Files</Filter>
    </ClInclude>
    <ClInclude Include="sdk\steam_api\isteammusic.h">
      <Filter>Header Files</Filter>
    </ClInclude>
    <ClInclude Include="sdk\steam_api\isteammusicremote.h">
      <Filter>Header Files</Filter>
    </ClInclude>
    <ClInclude Include="sdk\steam_api\isteamnetworking.h">
      <Filter>Header Files</Filter>
    </ClInclude>
    <ClInclude Include="sdk\steam_api\isteamnetworkingmessages.h">
      <Filter>Header Files</Filter>
    </ClInclude>
    <ClInclude Include="sdk\steam_api\isteamnetworkingsockets.h">
      <Filter>Header Files</Filter>
    </ClInclude>
    <ClInclude Include="sdk\steam_api\isteamnetworkingutils.h">
      <Filter>Header Files</Filter>
    </ClInclude>
    <ClInclude Include="sdk\steam_api\isteamparentalsettings.h">
      <Filter>Header Files</Filter>
    </ClInclude>
    <ClInclude Include="sdk\steam_api\isteamps3overlayrenderer.h">
      <Filter>Header Files</Filter>
    </ClInclude>
    <ClInclude Include="sdk\steam_api\isteamremoteplay.h">
      <Filter>Header Files</Filter>
    </ClInclude>
    <ClInclude Include="sdk\steam_api\isteamremotestorage.h">
      <Filter>Header Files</Filter>
    </ClInclude>
    <ClInclude Include="sdk\steam_api\isteamscreenshots.h">
      <Filter>Header Files</Filter>
    </ClInclude>
    <ClInclude Include="sdk\steam_api\isteamugc.h">
      <Filter>Header Files</Filter>
    </ClInclude>
    <ClInclude Include="sdk\steam_api\isteamuser.h">
      <Filter>Header Files</Filter>
    </ClInclude>
    <ClInclude Include="sdk\steam_api\isteamuserstats.h">
      <Filter>Header Files</Filter>
    </ClInclude>
    <ClInclude Include="sdk\steam_api\isteamutils.h">
      <Filter>Header Files</Filter>
    </ClInclude>
    <ClInclude Include="sdk\steam_api\isteamvideo.h">
      <Filter>Header Files</Filter>
    </ClInclude>
    <ClInclude Include="sdk\steam_api\matchmakingtypes.h">
      <Filter>Header Files</Filter>
    </ClInclude>
    <ClInclude Include="sdk\steam_api\steam_api.h">
      <Filter>Header Files</Filter>
    </ClInclude>
    <ClInclude Include="sdk\steam_api\steam_api_common.h">
      <Filter>Header Files</Filter>
    </ClInclude>
    <ClInclude Include="sdk\steam_api\steam_api_flat.h">
      <Filter>Header Files</Filter>
    </ClInclude>
    <ClInclude Include="sdk\steam_api\steam_api_internal.h">
      <Filter>Header Files</Filter>
    </ClInclude>
    <ClInclude Include="sdk\steam_api\steam_gameserver.h">
      <Filter>Header Files</Filter>
    </ClInclude>
    <ClInclude Include="sdk\steam_api\steamclientpublic.h">
      <Filter>Header Files</Filter>
    </ClInclude>
    <ClInclude Include="sdk\steam_api\steamencryptedappticket.h">
      <Filter>Header Files</Filter>
    </ClInclude>
    <ClInclude Include="sdk\steam_api\steamhttpenums.h">
      <Filter>Header Files</Filter>
    </ClInclude>
    <ClInclude Include="sdk\steam_api\steamnetworkingfakeip.h">
      <Filter>Header Files</Filter>
    </ClInclude>
    <ClInclude Include="sdk\steam_api\steamnetworkingtypes.h">
      <Filter>Header Files</Filter>
    </ClInclude>
    <ClInclude Include="sdk\steam_api\steamps3params.h">
      <Filter>Header Files</Filter>
    </ClInclude>
    <ClInclude Include="sdk\steam_api\steamtypes.h">
      <Filter>Header Files</Filter>
    </ClInclude>
    <ClInclude Include="sdk\steam_api\steamuniverse.h">
      <Filter>Header Files</Filter>
    </ClInclude>
    <ClInclude Include="sdk\base_entity.hpp">
      <Filter>Header Files</Filter>
    </ClInclude>
    <ClInclude Include="sdk\base_player.hpp">
      <Filter>Header Files</Filter>
    </ClInclude>
    <ClInclude Include="sdk\user_cmd.hpp">
      <Filter>Header Files</Filter>
    </ClInclude>
    <ClInclude Include="resources\small_font_recreate.hpp">
      <Filter>Header Files</Filter>
    </ClInclude>
    <ClInclude Include="hooks\create_move\create_move.hpp">
      <Filter>Header Files</Filter>
    </ClInclude>
    <ClInclude Include="hooks\end_scene\end_scene.hpp">
      <Filter>Header Files</Filter>
    </ClInclude>
    <ClInclude Include="hooks\frame_stage_notify\frame_stage_notify.hpp">
      <Filter>Header Files</Filter>
    </ClInclude>
    <ClInclude Include="hooks\on_screen_size_changed\on_screen_size_changed.hpp">
      <Filter>Header Files</Filter>
    </ClInclude>
    <ClInclude Include="hooks\reset\reset.hpp">
      <Filter>Header Files</Filter>
    </ClInclude>
    <ClInclude Include="hooks\wnd_proc\wnd_proc.hpp">
      <Filter>Header Files</Filter>
    </ClInclude>
    <ClInclude Include="features\aimbot\aimbot.hpp">
      <Filter>Header Files</Filter>
    </ClInclude>
    <ClInclude Include="features\antiaim\antiaim.hpp">
      <Filter>Header Files</Filter>
    </ClInclude>
    <ClInclude Include="features\engine_prediction\engine_prediction.hpp">
      <Filter>Header Files</Filter>
    </ClInclude>
    <ClInclude Include="features\exploits\exploits.hpp">
      <Filter>Header Files</Filter>
    </ClInclude>
    <ClInclude Include="features\miscellaneous\miscellaneous.hpp">
      <Filter>Header Files</Filter>
    </ClInclude>
    <ClInclude Include="features\movement\movement.hpp">
      <Filter>Header Files</Filter>
    </ClInclude>
    <ClInclude Include="features\renderer\renderer.hpp">
      <Filter>Header Files</Filter>
    </ClInclude>
    <ClInclude Include="features\visuals\chams.hpp">
      <Filter>Header Files</Filter>
    </ClInclude>
    <ClInclude Include="features\visuals\visuals.hpp">
      <Filter>Header Files</Filter>
    </ClInclude>
    <ClInclude Include="features\features.hpp">
      <Filter>Header Files</Filter>
    </ClInclude>
    <ClInclude Include="core\config.hpp">
      <Filter>Header Files</Filter>
    </ClInclude>
    <ClInclude Include="core\hooks.hpp">
      <Filter>Header Files</Filter>
    </ClInclude>
    <ClInclude Include="core\interfaces.hpp">
      <Filter>Header Files</Filter>
    </ClInclude>
    <ClInclude Include="core\variables.hpp">
      <Filter>Header Files</Filter>
    </ClInclude>
    <ClInclude Include="utils\globals\globals.hpp">
      <Filter>Header Files</Filter>
    </ClInclude>
    <ClInclude Include="utils\logging\logging.hpp">
      <Filter>Header Files</Filter>
    </ClInclude>
    <ClInclude Include="utils\math\math.hpp">
      <Filter>Header Files</Filter>
    </ClInclude>
    <ClInclude Include="utils\netvars\netvars.hpp">
      <Filter>Header Files</Filter>
    </ClInclude>
    <ClInclude Include="utils\signature\signature.hpp">
      <Filter>Header Files</Filter>
    </ClInclude>
    <ClInclude Include="utils\padding.hpp">
      <Filter>Header Files</Filter>
    </ClInclude>
    <ClInclude Include="utils\utils.hpp">
      <Filter>Header Files</Filter>
    </ClInclude>
    <ClInclude Include="dependencies\dlg\dlg.h">
      <Filter>Header Files</Filter>
    </ClInclude>
    <ClInclude Include="dependencies\dlg\output.h">
      <Filter>Header Files</Filter>
    </ClInclude>
    <ClInclude Include="dependencies\freetype\config\ftconfig.h">
      <Filter>Header Files</Filter>
    </ClInclude>
    <ClInclude Include="dependencies\freetype\config\ftheader.h">
      <Filter>Header Files</Filter>
    </ClInclude>
    <ClInclude Include="dependencies\freetype\config\ftmodule.h">
      <Filter>Header Files</Filter>
    </ClInclude>
    <ClInclude Include="dependencies\freetype\config\ftoption.h">
      <Filter>Header Files</Filter>
    </ClInclude>
    <ClInclude Include="dependencies\freetype\config\ftstdlib.h">
      <Filter>Header Files</Filter>
    </ClInclude>
    <ClInclude Include="dependencies\freetype\config\integer-types.h">
      <Filter>Header Files</Filter>
    </ClInclude>
    <ClInclude Include="dependencies\freetype\config\mac-support.h">
      <Filter>Header Files</Filter>
    </ClInclude>
    <ClInclude Include="dependencies\freetype\config\public-macros.h">
      <Filter>Header Files</Filter>
    </ClInclude>
    <ClInclude Include="dependencies\freetype\internal\services\svbdf.h">
      <Filter>Header Files</Filter>
    </ClInclude>
    <ClInclude Include="dependencies\freetype\internal\services\svcfftl.h">
      <Filter>Header Files</Filter>
    </ClInclude>
    <ClInclude Include="dependencies\freetype\internal\services\svcid.h">
      <Filter>Header Files</Filter>
    </ClInclude>
    <ClInclude Include="dependencies\freetype\internal\services\svfntfmt.h">
      <Filter>Header Files</Filter>
    </ClInclude>
    <ClInclude Include="dependencies\freetype\internal\services\svgldict.h">
      <Filter>Header Files</Filter>
    </ClInclude>
    <ClInclude Include="dependencies\freetype\internal\services\svgxval.h">
      <Filter>Header Files</Filter>
    </ClInclude>
    <ClInclude Include="dependencies\freetype\internal\services\svkern.h">
      <Filter>Header Files</Filter>
    </ClInclude>
    <ClInclude Include="dependencies\freetype\internal\services\svmetric.h">
      <Filter>Header Files</Filter>
    </ClInclude>
    <ClInclude Include="dependencies\freetype\internal\services\svmm.h">
      <Filter>Header Files</Filter>
    </ClInclude>
    <ClInclude Include="dependencies\freetype\internal\services\svotval.h">
      <Filter>Header Files</Filter>
    </ClInclude>
    <ClInclude Include="dependencies\freetype\internal\services\svpfr.h">
      <Filter>Header Files</Filter>
    </ClInclude>
    <ClInclude Include="dependencies\freetype\internal\services\svpostnm.h">
      <Filter>Header Files</Filter>
    </ClInclude>
    <ClInclude Include="dependencies\freetype\internal\services\svprop.h">
      <Filter>Header Files</Filter>
    </ClInclude>
    <ClInclude Include="dependencies\freetype\internal\services\svpscmap.h">
      <Filter>Header Files</Filter>
    </ClInclude>
    <ClInclude Include="dependencies\freetype\internal\services\svpsinfo.h">
      <Filter>Header Files</Filter>
    </ClInclude>
    <ClInclude Include="dependencies\freetype\internal\services\svsfnt.h">
      <Filter>Header Files</Filter>
    </ClInclude>
    <ClInclude Include="dependencies\freetype\internal\services\svttcmap.h">
      <Filter>Header Files</Filter>
    </ClInclude>
    <ClInclude Include="dependencies\freetype\internal\services\svtteng.h">
      <Filter>Header Files</Filter>
    </ClInclude>
    <ClInclude Include="dependencies\freetype\internal\services\svttglyf.h">
      <Filter>Header Files</Filter>
    </ClInclude>
    <ClInclude Include="dependencies\freetype\internal\services\svwinfnt.h">
      <Filter>Header Files</Filter>
    </ClInclude>
    <ClInclude Include="dependencies\freetype\internal\autohint.h">
      <Filter>Header Files</Filter>
    </ClInclude>
    <ClInclude Include="dependencies\freetype\internal\cffotypes.h">
      <Filter>Header Files</Filter>
    </ClInclude>
    <ClInclude Include="dependencies\freetype\internal\cfftypes.h">
      <Filter>Header Files</Filter>
    </ClInclude>
    <ClInclude Include="dependencies\freetype\internal\compiler-macros.h">
      <Filter>Header Files</Filter>
    </ClInclude>
    <ClInclude Include="dependencies\freetype\internal\ftcalc.h">
      <Filter>Header Files</Filter>
    </ClInclude>
    <ClInclude Include="dependencies\freetype\internal\ftdebug.h">
      <Filter>Header Files</Filter>
    </ClInclude>
    <ClInclude Include="dependencies\freetype\internal\ftdrv.h">
      <Filter>Header Files</Filter>
    </ClInclude>
    <ClInclude Include="dependencies\freetype\internal\ftgloadr.h">
      <Filter>Header Files</Filter>
    </ClInclude>
    <ClInclude Include="dependencies\freetype\internal\fthash.h">
      <Filter>Header Files</Filter>
    </ClInclude>
    <ClInclude Include="dependencies\freetype\internal\ftmemory.h">
      <Filter>Header Files</Filter>
    </ClInclude>
    <ClInclude Include="dependencies\freetype\internal\ftmmtypes.h">
      <Filter>Header Files</Filter>
    </ClInclude>
    <ClInclude Include="dependencies\freetype\internal\ftobjs.h">
      <Filter>Header Files</Filter>
    </ClInclude>
    <ClInclude Include="dependencies\freetype\internal\ftpsprop.h">
      <Filter>Header Files</Filter>
    </ClInclude>
    <ClInclude Include="dependencies\freetype\internal\ftrfork.h">
      <Filter>Header Files</Filter>
    </ClInclude>
    <ClInclude Include="dependencies\freetype\internal\ftserv.h">
      <Filter>Header Files</Filter>
    </ClInclude>
    <ClInclude Include="dependencies\freetype\internal\ftstream.h">
      <Filter>Header Files</Filter>
    </ClInclude>
    <ClInclude Include="dependencies\freetype\internal\fttrace.h">
      <Filter>Header Files</Filter>
    </ClInclude>
    <ClInclude Include="dependencies\freetype\internal\ftvalid.h">
      <Filter>Header Files</Filter>
    </ClInclude>
    <ClInclude Include="dependencies\freetype\internal\psaux.h">
      <Filter>Header Files</Filter>
    </ClInclude>
    <ClInclude Include="dependencies\freetype\internal\pshints.h">
      <Filter>Header Files</Filter>
    </ClInclude>
    <ClInclude Include="dependencies\freetype\internal\sfnt.h">
      <Filter>Header Files</Filter>
    </ClInclude>
    <ClInclude Include="dependencies\freetype\internal\svginterface.h">
      <Filter>Header Files</Filter>
    </ClInclude>
    <ClInclude Include="dependencies\freetype\internal\t1types.h">
      <Filter>Header Files</Filter>
    </ClInclude>
    <ClInclude Include="dependencies\freetype\internal\tttypes.h">
      <Filter>Header Files</Filter>
    </ClInclude>
    <ClInclude Include="dependencies\freetype\internal\wofftypes.h">
      <Filter>Header Files</Filter>
    </ClInclude>
    <ClInclude Include="dependencies\freetype\freetype.h">
      <Filter>Header Files</Filter>
    </ClInclude>
    <ClInclude Include="dependencies\freetype\ftadvanc.h">
      <Filter>Header Files</Filter>
    </ClInclude>
    <ClInclude Include="dependencies\freetype\ftbbox.h">
      <Filter>Header Files</Filter>
    </ClInclude>
    <ClInclude Include="dependencies\freetype\ftbdf.h">
      <Filter>Header Files</Filter>
    </ClInclude>
    <ClInclude Include="dependencies\freetype\ftbitmap.h">
      <Filter>Header Files</Filter>
    </ClInclude>
    <ClInclude Include="dependencies\freetype\ftbzip2.h">
      <Filter>Header Files</Filter>
    </ClInclude>
    <ClInclude Include="dependencies\freetype\ftcache.h">
      <Filter>Header Files</Filter>
    </ClInclude>
    <ClInclude Include="dependencies\freetype\ftchapters.h">
      <Filter>Header Files</Filter>
    </ClInclude>
    <ClInclude Include="dependencies\freetype\ftcid.h">
      <Filter>Header Files</Filter>
    </ClInclude>
    <ClInclude Include="dependencies\freetype\ftcolor.h">
      <Filter>Header Files</Filter>
    </ClInclude>
    <ClInclude Include="dependencies\freetype\ftdriver.h">
      <Filter>Header Files</Filter>
    </ClInclude>
    <ClInclude Include="dependencies\freetype\fterrdef.h">
      <Filter>Header Files</Filter>
    </ClInclude>
    <ClInclude Include="dependencies\freetype\fterrors.h">
      <Filter>Header Files</Filter>
    </ClInclude>
    <ClInclude Include="dependencies\freetype\ftfntfmt.h">
      <Filter>Header Files</Filter>
    </ClInclude>
    <ClInclude Include="dependencies\freetype\ftgasp.h">
      <Filter>Header Files</Filter>
    </ClInclude>
    <ClInclude Include="dependencies\freetype\ftglyph.h">
      <Filter>Header Files</Filter>
    </ClInclude>
    <ClInclude Include="dependencies\freetype\ftgxval.h">
      <Filter>Header Files</Filter>
    </ClInclude>
    <ClInclude Include="dependencies\freetype\ftgzip.h">
      <Filter>Header Files</Filter>
    </ClInclude>
    <ClInclude Include="dependencies\freetype\ftimage.h">
      <Filter>Header Files</Filter>
    </ClInclude>
    <ClInclude Include="dependencies\freetype\ftincrem.h">
      <Filter>Header Files</Filter>
    </ClInclude>
    <ClInclude Include="dependencies\freetype\ftlcdfil.h">
      <Filter>Header Files</Filter>
    </ClInclude>
    <ClInclude Include="dependencies\freetype\ftlist.h">
      <Filter>Header Files</Filter>
    </ClInclude>
    <ClInclude Include="dependencies\freetype\ftlogging.h">
      <Filter>Header Files</Filter>
    </ClInclude>
    <ClInclude Include="dependencies\freetype\ftlzw.h">
      <Filter>Header Files</Filter>
    </ClInclude>
    <ClInclude Include="dependencies\freetype\ftmac.h">
      <Filter>Header Files</Filter>
    </ClInclude>
    <ClInclude Include="dependencies\freetype\ftmm.h">
      <Filter>Header Files</Filter>
    </ClInclude>
    <ClInclude Include="dependencies\freetype\ftmodapi.h">
      <Filter>Header Files</Filter>
    </ClInclude>
    <ClInclude Include="dependencies\freetype\ftmoderr.h">
      <Filter>Header Files</Filter>
    </ClInclude>
    <ClInclude Include="dependencies\freetype\ftotval.h">
      <Filter>Header Files</Filter>
    </ClInclude>
    <ClInclude Include="dependencies\freetype\ftoutln.h">
      <Filter>Header Files</Filter>
    </ClInclude>
    <ClInclude Include="dependencies\freetype\ftparams.h">
      <Filter>Header Files</Filter>
    </ClInclude>
    <ClInclude Include="dependencies\freetype\ftpfr.h">
      <Filter>Header Files</Filter>
    </ClInclude>
    <ClInclude Include="dependencies\freetype\ftrender.h">
      <Filter>Header Files</Filter>
    </ClInclude>
    <ClInclude Include="dependencies\freetype\ftsizes.h">
      <Filter>Header Files</Filter>
    </ClInclude>
    <ClInclude Include="dependencies\freetype\ftsnames.h">
      <Filter>Header Files</Filter>
    </ClInclude>
    <ClInclude Include="dependencies\freetype\ftstroke.h">
      <Filter>Header Files</Filter>
    </ClInclude>
    <ClInclude Include="dependencies\freetype\ftsynth.h">
      <Filter>Header Files</Filter>
    </ClInclude>
    <ClInclude Include="dependencies\freetype\ftsystem.h">
      <Filter>Header Files</Filter>
    </ClInclude>
    <ClInclude Include="dependencies\freetype\fttrigon.h">
      <Filter>Header Files</Filter>
    </ClInclude>
    <ClInclude Include="dependencies\freetype\fttypes.h">
      <Filter>Header Files</Filter>
    </ClInclude>
    <ClInclude Include="dependencies\freetype\ftwinfnt.h">
      <Filter>Header Files</Filter>
    </ClInclude>
    <ClInclude Include="dependencies\freetype\otsvg.h">
      <Filter>Header Files</Filter>
    </ClInclude>
    <ClInclude Include="dependencies\freetype\t1tables.h">
      <Filter>Header Files</Filter>
    </ClInclude>
    <ClInclude Include="dependencies\freetype\ttnameid.h">
      <Filter>Header Files</Filter>
    </ClInclude>
    <ClInclude Include="dependencies\freetype\tttables.h">
      <Filter>Header Files</Filter>
    </ClInclude>
    <ClInclude Include="dependencies\freetype\tttags.h">
      <Filter>Header Files</Filter>
    </ClInclude>
    <ClInclude Include="dependencies\imgui\imconfig.h">
      <Filter>Header Files</Filter>
    </ClInclude>
    <ClInclude Include="dependencies\imgui\imgui.h">
      <Filter>Header Files</Filter>
    </ClInclude>
    <ClInclude Include="dependencies\imgui\imgui_freetype.h">
      <Filter>Header Files</Filter>
    </ClInclude>
    <ClInclude Include="dependencies\imgui\imgui_impl_dx9.h">
      <Filter>Header Files</Filter>
    </ClInclude>
    <ClInclude Include="dependencies\imgui\imgui_impl_win32.h">
      <Filter>Header Files</Filter>
    </ClInclude>
    <ClInclude Include="dependencies\imgui\imgui_internal.h">
      <Filter>Header Files</Filter>
    </ClInclude>
    <ClInclude Include="dependencies\imgui\imstb_rectpack.h">
      <Filter>Header Files</Filter>
    </ClInclude>
    <ClInclude Include="dependencies\imgui\imstb_textedit.h">
      <Filter>Header Files</Filter>
    </ClInclude>
    <ClInclude Include="dependencies\imgui\imstb_truetype.h">
      <Filter>Header Files</Filter>
    </ClInclude>
    <ClInclude Include="dependencies\nlohmann\detail\conversions\from_json.hpp">
      <Filter>Header Files</Filter>
    </ClInclude>
    <ClInclude Include="dependencies\nlohmann\detail\conversions\to_chars.hpp">
      <Filter>Header Files</Filter>
    </ClInclude>
    <ClInclude Include="dependencies\nlohmann\detail\conversions\to_json.hpp">
      <Filter>Header Files</Filter>
    </ClInclude>
    <ClInclude Include="dependencies\nlohmann\detail\input\binary_reader.hpp">
      <Filter>Header Files</Filter>
    </ClInclude>
    <ClInclude Include="dependencies\nlohmann\detail\input\input_adapters.hpp">
      <Filter>Header Files</Filter>
    </ClInclude>
    <ClInclude Include="dependencies\nlohmann\detail\input\json_sax.hpp">
      <Filter>Header Files</Filter>
    </ClInclude>
    <ClInclude Include="dependencies\nlohmann\detail\input\lexer.hpp">
      <Filter>Header Files</Filter>
    </ClInclude>
    <ClInclude Include="dependencies\nlohmann\detail\input\parser.hpp">
      <Filter>Header Files</Filter>
    </ClInclude>
    <ClInclude Include="dependencies\nlohmann\detail\input\position_t.hpp">
      <Filter>Header Files</Filter>
    </ClInclude>
    <ClInclude Include="dependencies\nlohmann\detail\iterators\internal_iterator.hpp">
      <Filter>Header Files</Filter>
    </ClInclude>
    <ClInclude Include="dependencies\nlohmann\detail\iterators\iter_impl.hpp">
      <Filter>Header Files</Filter>
    </ClInclude>
    <ClInclude Include="dependencies\nlohmann\detail\iterators\iteration_proxy.hpp">
      <Filter>Header Files</Filter>
    </ClInclude>
    <ClInclude Include="dependencies\nlohmann\detail\iterators\iterator_traits.hpp">
      <Filter>Header Files</Filter>
    </ClInclude>
    <ClInclude Include="dependencies\nlohmann\detail\iterators\json_reverse_iterator.hpp">
      <Filter>Header Files</Filter>
    </ClInclude>
    <ClInclude Include="dependencies\nlohmann\detail\iterators\primitive_iterator.hpp">
      <Filter>Header Files</Filter>
    </ClInclude>
    <ClInclude Include="dependencies\nlohmann\detail\meta\call_std\begin.hpp">
      <Filter>Header Files</Filter>
    </ClInclude>
    <ClInclude Include="dependencies\nlohmann\detail\meta\call_std\end.hpp">
      <Filter>Header Files</Filter>
    </ClInclude>
    <ClInclude Include="dependencies\nlohmann\detail\meta\cpp_future.hpp">
      <Filter>Header Files</Filter>
    </ClInclude>
    <ClInclude Include="dependencies\nlohmann\detail\meta\detected.hpp">
      <Filter>Header Files</Filter>
    </ClInclude>
    <ClInclude Include="dependencies\nlohmann\detail\meta\identity_tag.hpp">
      <Filter>Header Files</Filter>
    </ClInclude>
    <ClInclude Include="dependencies\nlohmann\detail\meta\is_sax.hpp">
      <Filter>Header Files</Filter>
    </ClInclude>
    <ClInclude Include="dependencies\nlohmann\detail\meta\std_fs.hpp">
      <Filter>Header Files</Filter>
    </ClInclude>
    <ClInclude Include="dependencies\nlohmann\detail\meta\type_traits.hpp">
      <Filter>Header Files</Filter>
    </ClInclude>
    <ClInclude Include="dependencies\nlohmann\detail\meta\void_t.hpp">
      <Filter>Header Files</Filter>
    </ClInclude>
    <ClInclude Include="dependencies\nlohmann\detail\output\binary_writer.hpp">
      <Filter>Header Files</Filter>
    </ClInclude>
    <ClInclude Include="dependencies\nlohmann\detail\output\output_adapters.hpp">
      <Filter>Header Files</Filter>
    </ClInclude>
    <ClInclude Include="dependencies\nlohmann\detail\output\serializer.hpp">
      <Filter>Header Files</Filter>
    </ClInclude>
    <ClInclude Include="dependencies\nlohmann\detail\abi_macros.hpp">
      <Filter>Header Files</Filter>
    </ClInclude>
    <ClInclude Include="dependencies\nlohmann\detail\exceptions.hpp">
      <Filter>Header Files</Filter>
    </ClInclude>
    <ClInclude Include="dependencies\nlohmann\detail\hash.hpp">
      <Filter>Header Files</Filter>
    </ClInclude>
    <ClInclude Include="dependencies\nlohmann\detail\json_pointer.hpp">
      <Filter>Header Files</Filter>
    </ClInclude>
    <ClInclude Include="dependencies\nlohmann\detail\json_ref.hpp">
      <Filter>Header Files</Filter>
    </ClInclude>
    <ClInclude Include="dependencies\nlohmann\detail\macro_scope.hpp">
      <Filter>Header Files</Filter>
    </ClInclude>
    <ClInclude Include="dependencies\nlohmann\detail\macro_unscope.hpp">
      <Filter>Header Files</Filter>
    </ClInclude>
    <ClInclude Include="dependencies\nlohmann\detail\string_concat.hpp">
      <Filter>Header Files</Filter>
    </ClInclude>
    <ClInclude Include="dependencies\nlohmann\detail\string_escape.hpp">
      <Filter>Header Files</Filter>
    </ClInclude>
    <ClInclude Include="dependencies\nlohmann\detail\value_t.hpp">
      <Filter>Header Files</Filter>
    </ClInclude>
    <ClInclude Include="dependencies\nlohmann\thirdparty\hedley\hedley.hpp">
      <Filter>Header Files</Filter>
    </ClInclude>
    <ClInclude Include="dependencies\nlohmann\thirdparty\hedley\hedley_undef.hpp">
      <Filter>Header Files</Filter>
    </ClInclude>
    <ClInclude Include="dependencies\nlohmann\adl_serializer.hpp">
      <Filter>Header Files</Filter>
    </ClInclude>
    <ClInclude Include="dependencies\nlohmann\byte_container_with_subtype.hpp">
      <Filter>Header Files</Filter>
    </ClInclude>
    <ClInclude Include="dependencies\nlohmann\json.hpp">
      <Filter>Header Files</Filter>
    </ClInclude>
    <ClInclude Include="dependencies\nlohmann\json_fwd.hpp">
      <Filter>Header Files</Filter>
    </ClInclude>
    <ClInclude Include="dependencies\nlohmann\ordered_map.hpp">
      <Filter>Header Files</Filter>
    </ClInclude>
    <ClInclude Include="dependencies\stb\stb.hpp">
      <Filter>Header Files</Filter>
    </ClInclude>
    <ClInclude Include="dependencies\ft2build.h">
      <Filter>Header Files</Filter>
    </ClInclude>
    <ClInclude Include="dependencies\xorstr.hpp">
      <Filter>Header Files</Filter>
    </ClInclude>
    <ClInclude Include="dependencies\precompiled.hpp">
      <Filter>Header Files</Filter>
    </ClInclude>
    <ClInclude Include="dependencies\safetyhook\safetyhook.hpp">
      <Filter>Header Files</Filter>
    </ClInclude>
    <ClInclude Include="sdk\math\qangle.hpp">
      <Filter>Header Files</Filter>
    </ClInclude>
    <ClInclude Include="sdk\math\vector.hpp">
      <Filter>Header Files</Filter>
    </ClInclude>
    <ClInclude Include="features\ui\animations\animations.hpp">
      <Filter>Header Files</Filter>
    </ClInclude>
    <ClInclude Include="features\ui\elements\button\button.hpp">
      <Filter>Header Files</Filter>
    </ClInclude>
    <ClInclude Include="features\ui\elements\checkbox\checkbox.hpp">
      <Filter>Header Files</Filter>
    </ClInclude>
    <ClInclude Include="features\ui\elements\child\child.hpp">
      <Filter>Header Files</Filter>
    </ClInclude>
    <ClInclude Include="features\ui\elements\colorpicker\colorpicker.hpp">
      <Filter>Header Files</Filter>
    </ClInclude>
    <ClInclude Include="features\ui\elements\combobox\combobox.hpp">
      <Filter>Header Files</Filter>
    </ClInclude>
    <ClInclude Include="features\ui\elements\hotkey\hotkey.hpp">
      <Filter>Header Files</Filter>
    </ClInclude>
    <ClInclude Include="features\ui\elements\indicator\indicator.hpp">
      <Filter>Header Files</Filter>
    </ClInclude>
    <ClInclude Include="features\ui\elements\label\label.hpp">
      <Filter>Header Files</Filter>
    </ClInclude>
    <ClInclude Include="features\ui\elements\listbox\listbox.hpp">
      <Filter>Header Files</Filter>
    </ClInclude>
    <ClInclude Include="features\ui\elements\multi_combobox\multi_combobox.hpp">
      <Filter>Header Files</Filter>
    </ClInclude>
    <ClInclude Include="features\ui\elements\object\object.hpp">
      <Filter>Header Files</Filter>
    </ClInclude>
    <ClInclude Include="features\ui\elements\slider\slider.hpp">
      <Filter>Header Files</Filter>
    </ClInclude>
    <ClInclude Include="features\ui\elements\tab\tab.hpp">
      <Filter>Header Files</Filter>
    </ClInclude>
    <ClInclude Include="features\ui\elements\textbox\textbox.hpp">
      <Filter>Header Files</Filter>
    </ClInclude>
    <ClInclude Include="features\ui\elements\window\window.hpp">
      <Filter>Header Files</Filter>
    </ClInclude>
    <ClInclude Include="features\ui\elements\elements.hpp">
      <Filter>Header Files</Filter>
    </ClInclude>
    <ClInclude Include="features\ui\notifications\notifications.hpp">
      <Filter>Header Files</Filter>
    </ClInclude>
    <ClInclude Include="features\ui\input\input.hpp">
      <Filter>Header Files</Filter>
    </ClInclude>
    <ClInclude Include="features\ui\window_setup.hpp">
      <Filter>Header Files</Filter>
    </ClInclude>
    <ClInclude Include="dependencies\icons_fa.hpp">
      <Filter>Header Files</Filter>
    </ClInclude>
    <ClInclude Include="resources\font_awesome.hpp">
      <Filter>Header Files</Filter>
    </ClInclude>
    <ClInclude Include="resources\montserrat.hpp">
      <Filter>Header Files</Filter>
    </ClInclude>
    <ClInclude Include="resources\montserrat_semibold.hpp">
      <Filter>Header Files</Filter>
    </ClInclude>
    <ClInclude Include="features\animations\animation_sync.hpp">
      <Filter>Header Files</Filter>
    </ClInclude>
    <ClInclude Include="features\tickbase\tickbase.hpp">
      <Filter>Header Files</Filter>
    </ClInclude>
    <ClInclude Include="sdk\interfaces\client_state.hpp">
      <Filter>Header Files</Filter>
    </ClInclude>
    <ClInclude Include="sdk\other\utlvector.hpp">
      <Filter>Header Files</Filter>
    </ClInclude>
    <ClInclude Include="sdk\other\crc32.h">
      <Filter>Header Files</Filter>
    </ClInclude>
    <ClInclude Include="sdk\multiplayer_animstate.hpp">
      <Filter>Header Files</Filter>
    </ClInclude>
    <ClInclude Include="sdk\interfaces\mem_alloc.hpp">
      <Filter>Header Files</Filter>
    </ClInclude>
    <ClInclude Include="sdk\base_object.hpp">
      <Filter>Header Files</Filter>
    </ClInclude>
    <ClInclude Include="dependencies\threadutils\atomic_lock.h">
      <Filter>Header Files</Filter>
    </ClInclude>
    <ClInclude Include="dependencies\threadutils\includes.hpp">
      <Filter>Header Files</Filter>
    </ClInclude>
    <ClInclude Include="dependencies\threadutils\mutex.h">
      <Filter>Header Files</Filter>
    </ClInclude>
    <ClInclude Include="dependencies\threadutils\named_semaphores.h">
      <Filter>Header Files</Filter>
    </ClInclude>
    <ClInclude Include="dependencies\threadutils\packed_heap.h">
      <Filter>Header Files</Filter>
    </ClInclude>
    <ClInclude Include="dependencies\threadutils\semaphores.h">
      <Filter>Header Files</Filter>
    </ClInclude>
    <ClInclude Include="dependencies\threadutils\shared_mutex.h">
      <Filter>Header Files</Filter>
    </ClInclude>
    <ClInclude Include="dependencies\threadutils\threading.h">
      <Filter>Header Files</Filter>
    </ClInclude>
    <ClInclude Include="features\event_handler\event_handler.hpp">
      <Filter>Header Files</Filter>
    </ClInclude>
    <ClInclude Include="sdk\interfaces\event_manager.hpp">
      <Filter>Header Files</Filter>
    </ClInclude>
    <ClInclude Include="hooks\draw_model_execute\draw_model_execute.hpp">
      <Filter>Header Files</Filter>
    </ClInclude>
    <ClInclude Include="utils\datamaps\datamaps.hpp">
      <Filter>Header Files</Filter>
    </ClInclude>
    <ClInclude Include="sdk\datamap.hpp">
      <Filter>Header Files</Filter>
    </ClInclude>
    <ClInclude Include="features\engine_prediction\netvar_compression.hpp">
      <Filter>Header Files</Filter>
    </ClInclude>
    <ClInclude Include="hooks\lock_cursor\lock_cursor.hpp">
      <Filter>Header Files</Filter>
    </ClInclude>
    <ClInclude Include="sdk\cs_base_weapon.hpp">
      <Filter>Header Files</Filter>
    </ClInclude>
    <ClInclude Include="sdk\cs_player.hpp">
      <Filter>Header Files</Filter>
    </ClInclude>
    <ClInclude Include="features\ui\elements\tooltip\tooltip.hpp">
      <Filter>Header Files</Filter>
    </ClInclude>
    <ClInclude Include="hooks\override_view\override_view.hpp">
      <Filter>Header Files</Filter>
    </ClInclude>
    <ClInclude Include="sdk\player_animstate.hpp">
      <Filter>Header Files</Filter>
    </ClInclude>
    <ClInclude Include="hooks\get_alpha_modulation\get_alpha_modulation.hpp">
      <Filter>Header Files</Filter>
    </ClInclude>
    <ClInclude Include="hooks\is_using_static_props_debug_modes\is_using_static_props_debug_modes.hpp">
      <Filter>Header Files</Filter>
    </ClInclude>
    <ClInclude Include="sdk\interfaces\studio_render.hpp">
      <Filter>Header Files</Filter>
    </ClInclude>
    <ClInclude Include="dependencies\blur\bBlur.hpp">
      <Filter>Header Files</Filter>
    </ClInclude>
    <ClInclude Include="dependencies\blur\blur.hpp">
      <Filter>Header Files</Filter>
    </ClInclude>
    <ClInclude Include="dependencies\blur\blur_binary.h">
      <Filter>Header Files</Filter>
    </ClInclude>
    <ClInclude Include="hooks\run_command\run_command.hpp">
      <Filter>Header Files</Filter>
    </ClInclude>
    <ClInclude Include="hooks\get_bool\get_bool.hpp">
      <Filter>Header Files</Filter>
    </ClInclude>
    <ClInclude Include="hooks\get_viewmodel_fov\get_viewmodel_fov.hpp">
      <Filter>Header Files</Filter>
    </ClInclude>
    <ClInclude Include="hooks\calc_viewmodel_view\calc_viewmodel_view.hpp">
      <Filter>Header Files</Filter>
    </ClInclude>
    <ClInclude Include="hooks\list_leaves_in_box\list_leaves_in_box.hpp">
      <Filter>Header Files</Filter>
    </ClInclude>
    <ClInclude Include="hooks\process_interpolated_list\process_interpolated_list.hpp">
      <Filter>Header Files</Filter>
    </ClInclude>
    <ClInclude Include="hooks\process_movement\process_movement.hpp">
      <Filter>Header Files</Filter>
    </ClInclude>
    <ClInclude Include="hooks\should_skip_animation_frame\should_skip_animation_frame.hpp">
      <Filter>Header Files</Filter>
    </ClInclude>
    <ClInclude Include="hooks\base_interpolate_part1\base_interpolate_part1.hpp">
      <Filter>Header Files</Filter>
    </ClInclude>
    <ClInclude Include="hooks\check_for_sequence_change\check_for_sequence_change.hpp">
      <Filter>Header Files</Filter>
    </ClInclude>
    <ClInclude Include="hooks\modify_eye_position\modify_eye_position.hpp">
      <Filter>Header Files</Filter>
    </ClInclude>
    <ClInclude Include="hooks\build_transformations\build_transformations.hpp">
      <Filter>Header Files</Filter>
    </ClInclude>
    <ClInclude Include="hooks\calc_view\calc_view.hpp">
      <Filter>Header Files</Filter>
    </ClInclude>
    <ClInclude Include="utils\circular_buffer.hpp">
      <Filter>Header Files</Filter>
    </ClInclude>
    <ClInclude Include="hooks\is_hltv\is_hltv.hpp">
      <Filter>Header Files</Filter>
    </ClInclude>
    <ClInclude Include="hooks\estimate_abs_velocity\estimate_abs_velocity.hpp">
      <Filter>Header Files</Filter>
    </ClInclude>
    <ClInclude Include="hooks\setup_bones\setup_bones.hpp">
      <Filter>Header Files</Filter>
    </ClInclude>
    <ClInclude Include="hooks\standard_blending_rules\standard_blending_rules.hpp">
      <Filter>Header Files</Filter>
    </ClInclude>
    <ClInclude Include="hooks\do_extra_bone_processing\do_extra_bone_processing.hpp">
      <Filter>Header Files</Filter>
    </ClInclude>
    <ClInclude Include="features\penetration\penetration.hpp">
      <Filter>Header Files</Filter>
    </ClInclude>
    <ClInclude Include="sdk\interfaces\physics_surface_props.hpp">
      <Filter>Header Files</Filter>
    </ClInclude>
    <ClInclude Include="hooks\do_post_screen_space_effects\do_post_screen_space_effects.hpp">
      <Filter>Header Files</Filter>
    </ClInclude>
    <ClInclude Include="sdk\interfaces\glow_object_manager.hpp">
      <Filter>Header Files</Filter>
    </ClInclude>
    <ClInclude Include="hooks\post_network_data_received\post_network_data_received.hpp">
      <Filter>Header Files</Filter>
    </ClInclude>
    <ClInclude Include="hooks\pre_entity_packet_received\pre_entity_packet_received.hpp">
      <Filter>Header Files</Filter>
    </ClInclude>
    <ClInclude Include="hooks\render_smoke_overlay\render_smoke_overlay.hpp">
      <Filter>Header Files</Filter>
    </ClInclude>
    <ClInclude Include="hooks\calc_viewmodel_bob\calc_viewmodel_bob.hpp">
      <Filter>Header Files</Filter>
    </ClInclude>
    <ClInclude Include="hooks\hud_scope_paint\hud_scope_paint.hpp">
      <Filter>Header Files</Filter>
    </ClInclude>
    <ClInclude Include="features\resolver\resolver.hpp">
      <Filter>Header Files</Filter>
    </ClInclude>
    <ClInclude Include="sdk\other\prediction_copy.hpp">
      <Filter>Header Files</Filter>
    </ClInclude>
    <ClInclude Include="features\animations\animation_state.hpp">
      <Filter>Header Files</Filter>
    </ClInclude>
    <ClInclude Include="hooks\notify_on_layer_change_cycle\notify_on_layer_change_cycle.hpp">
      <Filter>Header Files</Filter>
    </ClInclude>
    <ClInclude Include="hooks\notify_on_layer_change_weight\notify_on_layer_change_weight.hpp">
      <Filter>Header Files</Filter>
    </ClInclude>
    <ClInclude Include="hooks\do_procedural_footplant\do_procedural_footplant.hpp">
      <Filter>Header Files</Filter>
    </ClInclude>
    <ClInclude Include="utils\threading\dispatch.hpp">
      <Filter>Header Files</Filter>
    </ClInclude>
    <ClInclude Include="hooks\update_animation_state\update_animation_state.hpp">
      <Filter>Header Files</Filter>
    </ClInclude>
    <ClInclude Include="hooks\cl_fire_events\cl_fire_events.hpp">
      <Filter>Header Files</Filter>
    </ClInclude>
    <ClInclude Include="hooks\packet_start\packet_start.hpp">
      <Filter>Header Files</Filter>
    </ClInclude>
    <ClInclude Include="hooks\physics_simulate\physics_simulate.hpp">
      <Filter>Header Files</Filter>
    </ClInclude>
    <ClInclude Include="hooks\cl_move\cl_move.hpp">
      <Filter>Header Files</Filter>
    </ClInclude>
    <ClInclude Include="hooks\get_eye_angles\get_eye_angles.hpp">
      <Filter>Header Files</Filter>
    </ClInclude>
  </ItemGroup>
  <ItemGroup>
    <ClCompile Include="sdk\interfaces\cvar.cpp">
      <Filter>Source Files</Filter>
    </ClCompile>
    <ClCompile Include="sdk\interfaces\engine_trace.cpp">
      <Filter>Source Files</Filter>
    </ClCompile>
    <ClCompile Include="sdk\other\bitbuf.cpp">
      <Filter>Source Files</Filter>
    </ClCompile>
    <ClCompile Include="sdk\other\key_values.cpp">
      <Filter>Source Files</Filter>
    </ClCompile>
    <ClCompile Include="sdk\base_entity.cpp">
      <Filter>Source Files</Filter>
    </ClCompile>
    <ClCompile Include="sdk\base_player.cpp">
      <Filter>Source Files</Filter>
    </ClCompile>
    <ClCompile Include="hooks\create_move\create_move.cpp">
      <Filter>Source Files</Filter>
    </ClCompile>
    <ClCompile Include="hooks\end_scene\end_scene.cpp">
      <Filter>Source Files</Filter>
    </ClCompile>
    <ClCompile Include="hooks\frame_stage_notify\frame_stage_notify.cpp">
      <Filter>Source Files</Filter>
    </ClCompile>
    <ClCompile Include="hooks\on_screen_size_changed\on_screen_size_changed.cpp">
      <Filter>Source Files</Filter>
    </ClCompile>
    <ClCompile Include="hooks\reset\reset.cpp">
      <Filter>Source Files</Filter>
    </ClCompile>
    <ClCompile Include="hooks\wnd_proc\wnd_proc.cpp">
      <Filter>Source Files</Filter>
    </ClCompile>
    <ClCompile Include="features\aimbot\aimbot.cpp">
      <Filter>Source Files</Filter>
    </ClCompile>
    <ClCompile Include="features\antiaim\antiaim.cpp">
      <Filter>Source Files</Filter>
    </ClCompile>
    <ClCompile Include="features\engine_prediction\engine_prediction.cpp">
      <Filter>Source Files</Filter>
    </ClCompile>
    <ClCompile Include="features\exploits\exploits.cpp">
      <Filter>Source Files</Filter>
    </ClCompile>
    <ClCompile Include="features\miscellaneous\miscellaneous.cpp">
      <Filter>Source Files</Filter>
    </ClCompile>
    <ClCompile Include="features\movement\movement.cpp">
      <Filter>Source Files</Filter>
    </ClCompile>
    <ClCompile Include="features\renderer\renderer.cpp">
      <Filter>Source Files</Filter>
    </ClCompile>
    <ClCompile Include="features\visuals\chams.cpp">
      <Filter>Source Files</Filter>
    </ClCompile>
    <ClCompile Include="features\visuals\visuals.cpp">
      <Filter>Source Files</Filter>
    </ClCompile>
    <ClCompile Include="core\config.cpp">
      <Filter>Source Files</Filter>
    </ClCompile>
    <ClCompile Include="core\entry_point.cpp">
      <Filter>Source Files</Filter>
    </ClCompile>
    <ClCompile Include="core\hooks.cpp">
      <Filter>Source Files</Filter>
    </ClCompile>
    <ClCompile Include="core\interfaces.cpp">
      <Filter>Source Files</Filter>
    </ClCompile>
    <ClCompile Include="utils\globals\globals.cpp">
      <Filter>Source Files</Filter>
    </ClCompile>
    <ClCompile Include="utils\logging\logging.cpp">
      <Filter>Source Files</Filter>
    </ClCompile>
    <ClCompile Include="utils\math\math.cpp">
      <Filter>Source Files</Filter>
    </ClCompile>
    <ClCompile Include="utils\netvars\netvars.cpp">
      <Filter>Source Files</Filter>
    </ClCompile>
    <ClCompile Include="utils\signature\signature.cpp">
      <Filter>Source Files</Filter>
    </ClCompile>
    <ClCompile Include="utils\utils.cpp">
      <Filter>Source Files</Filter>
    </ClCompile>
    <ClCompile Include="includes.cpp">
      <Filter>Source Files</Filter>
    </ClCompile>
    <ClCompile Include="dependencies\imgui\imgui.cpp">
      <Filter>Source Files</Filter>
    </ClCompile>
    <ClCompile Include="dependencies\imgui\imgui_demo.cpp">
      <Filter>Source Files</Filter>
    </ClCompile>
    <ClCompile Include="dependencies\imgui\imgui_draw.cpp">
      <Filter>Source Files</Filter>
    </ClCompile>
    <ClCompile Include="dependencies\imgui\imgui_freetype.cpp">
      <Filter>Source Files</Filter>
    </ClCompile>
    <ClCompile Include="dependencies\imgui\imgui_impl_dx9.cpp">
      <Filter>Source Files</Filter>
    </ClCompile>
    <ClCompile Include="dependencies\imgui\imgui_impl_win32.cpp">
      <Filter>Source Files</Filter>
    </ClCompile>
    <ClCompile Include="dependencies\imgui\imgui_tables.cpp">
      <Filter>Source Files</Filter>
    </ClCompile>
    <ClCompile Include="dependencies\imgui\imgui_widgets.cpp">
      <Filter>Source Files</Filter>
    </ClCompile>
    <ClCompile Include="dependencies\precompiled.cpp">
      <Filter>Source Files</Filter>
    </ClCompile>
    <ClCompile Include="dependencies\safetyhook\safetyhook.cpp">
      <Filter>Source Files</Filter>
    </ClCompile>
    <ClCompile Include="features\ui\animations\animations.cpp">
      <Filter>Source Files</Filter>
    </ClCompile>
    <ClCompile Include="features\ui\elements\button\button.cpp">
      <Filter>Source Files</Filter>
    </ClCompile>
    <ClCompile Include="features\ui\elements\checkbox\checkbox.cpp">
      <Filter>Source Files</Filter>
    </ClCompile>
    <ClCompile Include="features\ui\elements\child\child.cpp">
      <Filter>Source Files</Filter>
    </ClCompile>
    <ClCompile Include="features\ui\elements\colorpicker\colorpicker.cpp">
      <Filter>Source Files</Filter>
    </ClCompile>
    <ClCompile Include="features\ui\elements\combobox\combobox.cpp">
      <Filter>Source Files</Filter>
    </ClCompile>
    <ClCompile Include="features\ui\elements\hotkey\hotkey.cpp">
      <Filter>Source Files</Filter>
    </ClCompile>
    <ClCompile Include="features\ui\elements\indicator\indicator.cpp">
      <Filter>Source Files</Filter>
    </ClCompile>
    <ClCompile Include="features\ui\elements\label\label.cpp">
      <Filter>Source Files</Filter>
    </ClCompile>
    <ClCompile Include="features\ui\elements\listbox\listbox.cpp">
      <Filter>Source Files</Filter>
    </ClCompile>
    <ClCompile Include="features\ui\elements\multi_combobox\multi_combobox.cpp">
      <Filter>Source Files</Filter>
    </ClCompile>
    <ClCompile Include="features\ui\elements\object\object.cpp">
      <Filter>Source Files</Filter>
    </ClCompile>
    <ClCompile Include="features\ui\elements\slider\slider.cpp">
      <Filter>Source Files</Filter>
    </ClCompile>
    <ClCompile Include="features\ui\elements\tab\tab.cpp">
      <Filter>Source Files</Filter>
    </ClCompile>
    <ClCompile Include="features\ui\elements\textbox\textbox.cpp">
      <Filter>Source Files</Filter>
    </ClCompile>
    <ClCompile Include="features\ui\elements\window\window.cpp">
      <Filter>Source Files</Filter>
    </ClCompile>
    <ClCompile Include="features\ui\notifications\notifications.cpp">
      <Filter>Source Files</Filter>
    </ClCompile>
    <ClCompile Include="features\ui\input\input.cpp">
      <Filter>Source Files</Filter>
    </ClCompile>
    <ClCompile Include="features\ui\window_setup.cpp">
      <Filter>Source Files</Filter>
    </ClCompile>
    <ClCompile Include="features\animations\animation_sync.cpp">
      <Filter>Source Files</Filter>
    </ClCompile>
    <ClCompile Include="features\tickbase\tickbase.cpp">
      <Filter>Source Files</Filter>
    </ClCompile>
    <ClCompile Include="sdk\other\crc32.cpp">
      <Filter>Source Files</Filter>
    </ClCompile>
    <ClCompile Include="sdk\other\utlvector.cpp">
      <Filter>Source Files</Filter>
    </ClCompile>
    <ClCompile Include="sdk\base_object.cpp">
      <Filter>Source Files</Filter>
    </ClCompile>
    <ClCompile Include="dependencies\threadutils\atomic_lock.cpp">
      <Filter>Source Files</Filter>
    </ClCompile>
    <ClCompile Include="dependencies\threadutils\mutex.cpp">
      <Filter>Source Files</Filter>
    </ClCompile>
    <ClCompile Include="dependencies\threadutils\named_semaphores.cpp">
      <Filter>Source Files</Filter>
    </ClCompile>
    <ClCompile Include="dependencies\threadutils\packed_heap.cpp">
      <Filter>Source Files</Filter>
    </ClCompile>
    <ClCompile Include="dependencies\threadutils\semaphores.cpp">
      <Filter>Source Files</Filter>
    </ClCompile>
    <ClCompile Include="dependencies\threadutils\shared_mutex.cpp">
      <Filter>Source Files</Filter>
    </ClCompile>
    <ClCompile Include="dependencies\threadutils\threading.cpp">
      <Filter>Source Files</Filter>
    </ClCompile>
    <ClCompile Include="features\event_handler\event_handler.cpp">
      <Filter>Source Files</Filter>
    </ClCompile>
    <ClCompile Include="hooks\draw_model_execute\draw_model_execute.cpp">
      <Filter>Source Files</Filter>
    </ClCompile>
    <ClCompile Include="utils\datamaps\datamaps.cpp">
      <Filter>Source Files</Filter>
    </ClCompile>
    <ClCompile Include="sdk\interfaces\prediction.cpp">
      <Filter>Source Files</Filter>
    </ClCompile>
    <ClCompile Include="features\engine_prediction\netvar_compression.cpp">
      <Filter>Source Files</Filter>
    </ClCompile>
    <ClCompile Include="hooks\lock_cursor\lock_cursor.cpp">
      <Filter>Source Files</Filter>
    </ClCompile>
    <ClCompile Include="sdk\cs_base_weapon.cpp">
      <Filter>Source Files</Filter>
    </ClCompile>
    <ClCompile Include="features\ui\elements\tooltip\tooltip.cpp">
      <Filter>Source Files</Filter>
    </ClCompile>
    <ClCompile Include="hooks\override_view\override_view.cpp">
      <Filter>Source Files</Filter>
    </ClCompile>
    <ClCompile Include="sdk\cs_player.cpp">
      <Filter>Source Files</Filter>
    </ClCompile>
    <ClCompile Include="hooks\get_alpha_modulation\get_alpha_modulation.cpp">
      <Filter>Source Files</Filter>
    </ClCompile>
    <ClCompile Include="hooks\is_using_static_props_debug_modes\is_using_static_props_debug_modes.cpp">
      <Filter>Source Files</Filter>
    </ClCompile>
    <ClCompile Include="dependencies\blur\blur.cpp">
      <Filter>Source Files</Filter>
    </ClCompile>
    <ClCompile Include="hooks\run_command\run_command.cpp">
      <Filter>Source Files</Filter>
    </ClCompile>
    <ClCompile Include="hooks\get_bool\get_bool.cpp">
      <Filter>Source Files</Filter>
    </ClCompile>
    <ClCompile Include="hooks\get_viewmodel_fov\get_viewmodel_fov.cpp">
      <Filter>Source Files</Filter>
    </ClCompile>
    <ClCompile Include="hooks\calc_viewmodel_view\calc_viewmodel_view.cpp">
      <Filter>Source Files</Filter>
    </ClCompile>
    <ClCompile Include="hooks\list_leaves_in_box\list_leaves_in_box.cpp">
      <Filter>Source Files</Filter>
    </ClCompile>
    <ClCompile Include="hooks\process_interpolated_list\process_interpolated_list.cpp">
      <Filter>Source Files</Filter>
    </ClCompile>
    <ClCompile Include="hooks\process_movement\process_movement.cpp">
      <Filter>Source Files</Filter>
    </ClCompile>
    <ClCompile Include="hooks\should_skip_animation_frame\should_skip_animation_frame.cpp">
      <Filter>Source Files</Filter>
    </ClCompile>
    <ClCompile Include="hooks\base_interpolate_part1\base_interpolate_part1.cpp">
      <Filter>Source Files</Filter>
    </ClCompile>
    <ClCompile Include="hooks\check_for_sequence_change\check_for_sequence_change.cpp">
      <Filter>Source Files</Filter>
    </ClCompile>
    <ClCompile Include="hooks\modify_eye_position\modify_eye_position.cpp">
      <Filter>Source Files</Filter>
    </ClCompile>
    <ClCompile Include="hooks\build_transformations\build_transformations.cpp">
      <Filter>Source Files</Filter>
    </ClCompile>
    <ClCompile Include="hooks\calc_view\calc_view.cpp">
      <Filter>Source Files</Filter>
    </ClCompile>
    <ClCompile Include="hooks\is_hltv\is_hltv.cpp">
      <Filter>Source Files</Filter>
    </ClCompile>
    <ClCompile Include="hooks\estimate_abs_velocity\estimate_abs_velocity.cpp">
      <Filter>Source Files</Filter>
    </ClCompile>
    <ClCompile Include="hooks\setup_bones\setup_bones.cpp">
      <Filter>Source Files</Filter>
    </ClCompile>
    <ClCompile Include="hooks\standard_blending_rules\standard_blending_rules.cpp">
      <Filter>Source Files</Filter>
    </ClCompile>
    <ClCompile Include="hooks\do_extra_bone_processing\do_extra_bone_processing.cpp">
      <Filter>Source Files</Filter>
    </ClCompile>
    <ClCompile Include="features\penetration\penetration.cpp">
      <Filter>Source Files</Filter>
    </ClCompile>
    <ClCompile Include="hooks\do_post_screen_space_effects\do_post_screen_space_effects.cpp">
      <Filter>Source Files</Filter>
    </ClCompile>
    <ClCompile Include="hooks\post_network_data_received\post_network_data_received.cpp">
      <Filter>Source Files</Filter>
    </ClCompile>
    <ClCompile Include="hooks\pre_entity_packet_received\pre_entity_packet_received.cpp">
      <Filter>Source Files</Filter>
    </ClCompile>
    <ClCompile Include="hooks\render_smoke_overlay\render_smoke_overlay.cpp">
      <Filter>Source Files</Filter>
    </ClCompile>
    <ClCompile Include="hooks\calc_viewmodel_bob\calc_viewmodel_bob.cpp">
      <Filter>Source Files</Filter>
    </ClCompile>
    <ClCompile Include="hooks\hud_scope_paint\hud_scope_paint.cpp">
      <Filter>Source Files</Filter>
    </ClCompile>
    <ClCompile Include="features\resolver\resolver.cpp">
      <Filter>Source Files</Filter>
    </ClCompile>
    <ClCompile Include="sdk\other\prediction_copy.cpp">
      <Filter>Source Files</Filter>
    </ClCompile>
    <ClCompile Include="features\animations\animation_state.cpp">
      <Filter>Source Files</Filter>
    </ClCompile>
    <ClCompile Include="hooks\notify_on_layer_change_cycle\notify_on_layer_change_cycle.cpp">
      <Filter>Source Files</Filter>
    </ClCompile>
    <ClCompile Include="hooks\notify_on_layer_change_weight\notify_on_layer_change_weight.cpp">
      <Filter>Source Files</Filter>
    </ClCompile>
    <ClCompile Include="hooks\do_procedural_footplant\do_procedural_footplant.cpp">
      <Filter>Source Files</Filter>
    </ClCompile>
    <ClCompile Include="utils\threading\dispatch.cpp">
      <Filter>Source Files</Filter>
    </ClCompile>
    <ClCompile Include="hooks\update_animation_state\update_animation_state.cpp">
      <Filter>Source Files</Filter>
    </ClCompile>
    <ClCompile Include="hooks\cl_fire_events\cl_fire_events.cpp">
      <Filter>Source Files</Filter>
    </ClCompile>
    <ClCompile Include="hooks\packet_start\packet_start.cpp">
      <Filter>Source Files</Filter>
    </ClCompile>
    <ClCompile Include="hooks\physics_simulate\physics_simulate.cpp">
      <Filter>Source Files</Filter>
    </ClCompile>
    <ClCompile Include="hooks\cl_move\cl_move.cpp">
      <Filter>Source Files</Filter>
    </ClCompile>
    <ClCompile Include="hooks\get_eye_angles\get_eye_angles.cpp">
      <Filter>Source Files</Filter>
    </ClCompile>
  </ItemGroup>
  <ItemGroup>
    <Library Include="dependencies\freetype.lib" />
  </ItemGroup>
</Project>